
Microsoft Visual Studio Solution File, Format Version 12.00
# Visual Studio Version 16
VisualStudioVersion = 16.0.30517.126
MinimumVisualStudioVersion = 10.0.40219.1
Project("{FAE04EC0-301F-11D3-BF4B-00C04F79EFBC}") = "CircleAreaFinder", "CircleAreaFinder\CircleAreaFinder.csproj", "{61EF80F4-2618-4B7B-AB81-8317D1376524}"
EndProject
Global
	GlobalSection(SolutionConfigurationPlatforms) = preSolution
		Debug|Any CPU = Debug|Any CPU
		Release|Any CPU = Release|Any CPU
	EndGlobalSection
	GlobalSection(ProjectConfigurationPlatforms) = postSolution
		{61EF80F4-2618-4B7B-AB81-8317D1376524}.Debug|Any CPU.ActiveCfg = Debug|Any CPU
		{61EF80F4-2618-4B7B-AB81-8317D1376524}.Debug|Any CPU.Build.0 = Debug|Any CPU
		{61EF80F4-2618-4B7B-AB81-8317D1376524}.Release|Any CPU.ActiveCfg = Release|Any CPU
		{61EF80F4-2618-4B7B-AB81-8317D1376524}.Release|Any CPU.Build.0 = Release|Any CPU
	EndGlobalSection
	GlobalSection(SolutionProperties) = preSolution
		HideSolutionNode = FALSE
	EndGlobalSection
	GlobalSection(ExtensibilityGlobals) = postSolution
		SolutionGuid = {3863E3D3-B1F7-4ED4-A591-C4505A30581E}
	EndGlobalSection
EndGlobal
